
Microsoft Visual Studio Solution File, Format Version 12.00
# Visual Studio Version 17
VisualStudioVersion = 17.3.32901.215
MinimumVisualStudioVersion = 10.0.40219.1
Project("{FAE04EC0-301F-11D3-BF4B-00C04F79EFBC}") = "Activity2API", "Activity2API\Activity2API.csproj", "{5CCF995C-E73F-46DB-8CDD-0C88F664EC4A}"
EndProject
Global
	GlobalSection(SolutionConfigurationPlatforms) = preSolution
		Debug|Any CPU = Debug|Any CPU
		Release|Any CPU = Release|Any CPU
	EndGlobalSection
	GlobalSection(ProjectConfigurationPlatforms) = postSolution
		{5CCF995C-E73F-46DB-8CDD-0C88F664EC4A}.Debug|Any CPU.ActiveCfg = Debug|Any CPU
		{5CCF995C-E73F-46DB-8CDD-0C88F664EC4A}.Debug|Any CPU.Build.0 = Debug|Any CPU
		{5CCF995C-E73F-46DB-8CDD-0C88F664EC4A}.Release|Any CPU.ActiveCfg = Release|Any CPU
		{5CCF995C-E73F-46DB-8CDD-0C88F664EC4A}.Release|Any CPU.Build.0 = Release|Any CPU
	EndGlobalSection
	GlobalSection(SolutionProperties) = preSolution
		HideSolutionNode = FALSE
	EndGlobalSection
	GlobalSection(ExtensibilityGlobals) = postSolution
		SolutionGuid = {A59AE0D2-8793-4121-BB75-F6EB1C323667}
	EndGlobalSection
EndGlobal
